{
  "requires": true,
  "lockfileVersion": 1,
  "dependencies": {
    "konva": {
      "version": "3.3.3",
      "resolved": "https://registry.npmjs.org/konva/-/konva-3.3.3.tgz",
      "integrity": "sha512-nDkFa7OVApCAohY30yoKpTMrYbbK8+p+wjYHkU+jrtKL3MhP5yCByNIrkyjca1EeP++K+2e6fslgU8kbeJNBxw=="
    }
  }
}
